
Microsoft Visual Studio Solution File, Format Version 12.00
# Visual Studio 14
VisualStudioVersion = 14.0.24720.0
MinimumVisualStudioVersion = 10.0.40219.1
Project("{2150E333-8FDC-42A3-9474-1A3956D46DE8}") = "docs", "docs", "{733244F1-D8B6-42C5-BBAF-F9E2D1F6B221}"
	ProjectSection(SolutionItems) = preProject
		..\docs\license.md = ..\docs\license.md
		..\docs\readme.md = ..\docs\readme.md
	EndProjectSection
EndProject
Project("{2150E333-8FDC-42A3-9474-1A3956D46DE8}") = "web", "web", "{942E3C53-BFD8-47F2-92C8-8F9764521590}"
EndProject
Project("{2150E333-8FDC-42A3-9474-1A3956D46DE8}") = "tests", "tests", "{338F7F10-0868-4033-A599-D0DE1E5E7F0B}"
EndProject
Project("{FAE04EC0-301F-11D3-BF4B-00C04F79EFBC}") = "Microsoft.Online.Applications.Core", "Microsoft.Online.Applications.Core\Microsoft.Online.Applications.Core.csproj", "{4A3493F1-82B8-4F00-9DD5-5BF1F856ABEA}"
EndProject
Project("{FAE04EC0-301F-11D3-BF4B-00C04F79EFBC}") = "TIP.Common", "TIP.Common\TIP.Common.csproj", "{090A2BEB-C9F4-48D3-AF63-7E436BE03FAA}"
EndProject
Project("{FAE04EC0-301F-11D3-BF4B-00C04F79EFBC}") = "Tests.Core", "Tests.Core\Tests.Core.csproj", "{D1104FDF-F636-47DA-917F-A9B9252FF35A}"
EndProject
Project("{2150E333-8FDC-42A3-9474-1A3956D46DE8}") = "src", "src", "{BF54BCF4-E030-436E-895B-BD70FC82553A}"
EndProject
Project("{FAE04EC0-301F-11D3-BF4B-00C04F79EFBC}") = "TIP.DashBoard", "TIP.DashBoard\TIP.DashBoard.csproj", "{F7E70780-B1CD-4823-8F41-31F4686E57E2}"
EndProject
Global
	GlobalSection(SolutionConfigurationPlatforms) = preSolution
		Debug|Any CPU = Debug|Any CPU
		Release|Any CPU = Release|Any CPU
	EndGlobalSection
	GlobalSection(ProjectConfigurationPlatforms) = postSolution
		{4A3493F1-82B8-4F00-9DD5-5BF1F856ABEA}.Debug|Any CPU.ActiveCfg = Debug|Any CPU
		{4A3493F1-82B8-4F00-9DD5-5BF1F856ABEA}.Debug|Any CPU.Build.0 = Debug|Any CPU
		{4A3493F1-82B8-4F00-9DD5-5BF1F856ABEA}.Release|Any CPU.ActiveCfg = Release|Any CPU
		{4A3493F1-82B8-4F00-9DD5-5BF1F856ABEA}.Release|Any CPU.Build.0 = Release|Any CPU
		{090A2BEB-C9F4-48D3-AF63-7E436BE03FAA}.Debug|Any CPU.ActiveCfg = Debug|Any CPU
		{090A2BEB-C9F4-48D3-AF63-7E436BE03FAA}.Debug|Any CPU.Build.0 = Debug|Any CPU
		{090A2BEB-C9F4-48D3-AF63-7E436BE03FAA}.Release|Any CPU.ActiveCfg = Release|Any CPU
		{090A2BEB-C9F4-48D3-AF63-7E436BE03FAA}.Release|Any CPU.Build.0 = Release|Any CPU
		{D1104FDF-F636-47DA-917F-A9B9252FF35A}.Debug|Any CPU.ActiveCfg = Debug|Any CPU
		{D1104FDF-F636-47DA-917F-A9B9252FF35A}.Debug|Any CPU.Build.0 = Debug|Any CPU
		{D1104FDF-F636-47DA-917F-A9B9252FF35A}.Release|Any CPU.ActiveCfg = Release|Any CPU
		{D1104FDF-F636-47DA-917F-A9B9252FF35A}.Release|Any CPU.Build.0 = Release|Any CPU
		{F7E70780-B1CD-4823-8F41-31F4686E57E2}.Debug|Any CPU.ActiveCfg = Debug|Any CPU
		{F7E70780-B1CD-4823-8F41-31F4686E57E2}.Debug|Any CPU.Build.0 = Debug|Any CPU
		{F7E70780-B1CD-4823-8F41-31F4686E57E2}.Release|Any CPU.ActiveCfg = Release|Any CPU
		{F7E70780-B1CD-4823-8F41-31F4686E57E2}.Release|Any CPU.Build.0 = Release|Any CPU
	EndGlobalSection
	GlobalSection(SolutionProperties) = preSolution
		HideSolutionNode = FALSE
	EndGlobalSection
	GlobalSection(NestedProjects) = preSolution
		{942E3C53-BFD8-47F2-92C8-8F9764521590} = {BF54BCF4-E030-436E-895B-BD70FC82553A}
		{338F7F10-0868-4033-A599-D0DE1E5E7F0B} = {BF54BCF4-E030-436E-895B-BD70FC82553A}
		{4A3493F1-82B8-4F00-9DD5-5BF1F856ABEA} = {BF54BCF4-E030-436E-895B-BD70FC82553A}
		{090A2BEB-C9F4-48D3-AF63-7E436BE03FAA} = {BF54BCF4-E030-436E-895B-BD70FC82553A}
		{D1104FDF-F636-47DA-917F-A9B9252FF35A} = {338F7F10-0868-4033-A599-D0DE1E5E7F0B}
		{F7E70780-B1CD-4823-8F41-31F4686E57E2} = {942E3C53-BFD8-47F2-92C8-8F9764521590}
	EndGlobalSection
	GlobalSection(TeamFoundationVersionControl) = preSolution
		SccNumberOfProjects = 5
		SccEnterpriseProvider = {4CA58AB2-18FA-4F8D-95D4-32DDF27D184C}
		SccTeamFoundationServer = https://marasco.visualstudio.com/defaultcollection
		SccLocalPath0 = .
		SccProjectUniqueName1 = Microsoft.Online.Applications.Core\\Microsoft.Online.Applications.Core.csproj
		SccProjectTopLevelParentUniqueName1 = DashBoard.sln
		SccProjectName1 = Microsoft.Online.Applications.Core
		SccLocalPath1 = Microsoft.Online.Applications.Core
		SccProjectUniqueName2 = TIP.Common\\TIP.Common.csproj
		SccProjectTopLevelParentUniqueName2 = DashBoard.sln
		SccProjectName2 = TIP.Common
		SccLocalPath2 = TIP.Common
		SccProjectUniqueName3 = Tests.Core\\Tests.Core.csproj
		SccProjectTopLevelParentUniqueName3 = DashBoard.sln
		SccProjectName3 = Tests.Core
		SccLocalPath3 = Tests.Core
		SccProjectUniqueName4 = TIP.DashBoard\\TIP.DashBoard.csproj
		SccProjectTopLevelParentUniqueName4 = DashBoard.sln
		SccProjectName4 = TIP.DashBoard
		SccLocalPath4 = TIP.DashBoard
	EndGlobalSection
EndGlobal
